// !$*UTF8*$!
{
	archiveVersion = 1;
	classes = {
	};
	objectVersion = 46;
	objects = {

/* Begin PBXBuildFile section */
		870CEA5D18DDD6DB00AD58DC /* Foundation.framework in Frameworks */ = {isa = PBXBuildFile; fileRef = 870CEA5C18DDD6DB00AD58DC /* Foundation.framework */; };
		870CEA5F18DDD6DB00AD58DC /* CoreGraphics.framework in Frameworks */ = {isa = PBXBuildFile; fileRef = 870CEA5E18DDD6DB00AD58DC /* CoreGraphics.framework */; };
		870CEA6118DDD6DB00AD58DC /* UIKit.framework in Frameworks */ = {isa = PBXBuildFile; fileRef = 870CEA6018DDD6DB00AD58DC /* UIKit.framework */; };
		870CEA6718DDD6DB00AD58DC /* InfoPlist.strings in Resources */ = {isa = PBXBuildFile; fileRef = 870CEA6518DDD6DB00AD58DC /* InfoPlist.strings */; };
		870CEA6918DDD6DB00AD58DC /* main.m in Sources */ = {isa = PBXBuildFile; fileRef = 870CEA6818DDD6DB00AD58DC /* main.m */; };
		870CEA6D18DDD6DB00AD58DC /* AppDelegate.m in Sources */ = {isa = PBXBuildFile; fileRef = 870CEA6C18DDD6DB00AD58DC /* AppDelegate.m */; };
		870CEA7018DDD6DB00AD58DC /* Main.storyboard in Resources */ = {isa = PBXBuildFile; fileRef = 870CEA6E18DDD6DB00AD58DC /* Main.storyboard */; };
		870CEA7318DDD6DB00AD58DC /* ViewController.m in Sources */ = {isa = PBXBuildFile; fileRef = 870CEA7218DDD6DB00AD58DC /* ViewController.m */; };
		870CEA7518DDD6DB00AD58DC /* Images.xcassets in Resources */ = {isa = PBXBuildFile; fileRef = 870CEA7418DDD6DB00AD58DC /* Images.xcassets */; };
		870CEA7C18DDD6DC00AD58DC /* XCTest.framework in Frameworks */ = {isa = PBXBuildFile; fileRef = 870CEA7B18DDD6DC00AD58DC /* XCTest.framework */; };
		870CEA7D18DDD6DC00AD58DC /* Foundation.framework in Frameworks */ = {isa = PBXBuildFile; fileRef = 870CEA5C18DDD6DB00AD58DC /* Foundation.framework */; };
		870CEA7E18DDD6DC00AD58DC /* UIKit.framework in Frameworks */ = {isa = PBXBuildFile; fileRef = 870CEA6018DDD6DB00AD58DC /* UIKit.framework */; };
		870CEA8618DDD6DC00AD58DC /* InfoPlist.strings in Resources */ = {isa = PBXBuildFile; fileRef = 870CEA8418DDD6DC00AD58DC /* InfoPlist.strings */; };
		870CEA8818DDD6DC00AD58DC /* scoreTests.m in Sources */ = {isa = PBXBuildFile; fileRef = 870CEA8718DDD6DC00AD58DC /* scoreTests.m */; };
		8738279A18DFD41B001422B3 /* BaseView.m in Sources */ = {isa = PBXBuildFile; fileRef = 8738279918DFD41B001422B3 /* BaseView.m */; };
		8738279D18DFD46E001422B3 /* BaseButton.m in Sources */ = {isa = PBXBuildFile; fileRef = 8738279C18DFD46E001422B3 /* BaseButton.m */; };
		87B576A418DDE4070098E3B6 /* ScoreView.m in Sources */ = {isa = PBXBuildFile; fileRef = 87B576A318DDE4070098E3B6 /* ScoreView.m */; };
/* End PBXBuildFile section */

/* Begin PBXContainerItemProxy section */
		870CEA7F18DDD6DC00AD58DC /* PBXContainerItemProxy */ = {
			isa = PBXContainerItemProxy;
			containerPortal = 870CEA5118DDD6DB00AD58DC /* Project object */;
			proxyType = 1;
			remoteGlobalIDString = 870CEA5818DDD6DB00AD58DC;
			remoteInfo = score;
		};
/* End PBXContainerItemProxy section */

/* Begin PBXFileReference section */
		870CEA5918DDD6DB00AD58DC /* score.app */ = {isa = PBXFileReference; explicitFileType = wrapper.application; includeInIndex = 0; path = score.app; sourceTree = BUILT_PRODUCTS_DIR; };
		870CEA5C18DDD6DB00AD58DC /* Foundation.framework */ = {isa = PBXFileReference; lastKnownFileType = wrapper.framework; name = Foundation.framework; path = System/Library/Frameworks/Foundation.framework; sourceTree = SDKROOT; };
		870CEA5E18DDD6DB00AD58DC /* CoreGraphics.framework */ = {isa = PBXFileReference; lastKnownFileType = wrapper.framework; name = CoreGraphics.framework; path = System/Library/Frameworks/CoreGraphics.framework; sourceTree = SDKROOT; };
		870CEA6018DDD6DB00AD58DC /* UIKit.framework */ = {isa = PBXFileReference; lastKnownFileType = wrapper.framework; name = UIKit.framework; path = System/Library/Frameworks/UIKit.framework; sourceTree = SDKROOT; };
		870CEA6418DDD6DB00AD58DC /* score-Info.plist */ = {isa = PBXFileReference; lastKnownFileType = text.plist.xml; path = "score-Info.plist"; sourceTree = "<group>"; };
		870CEA6618DDD6DB00AD58DC /* en */ = {isa = PBXFileReference; lastKnownFileType = text.plist.strings; name = en; path = en.lproj/InfoPlist.strings; sourceTree = "<group>"; };
		870CEA6818DDD6DB00AD58DC /* main.m */ = {isa = PBXFileReference; lastKnownFileType = sourcecode.c.objc; path = main.m; sourceTree = "<group>"; };
		870CEA6A18DDD6DB00AD58DC /* score-Prefix.pch */ = {isa = PBXFileReference; lastKnownFileType = sourcecode.c.h; path = "score-Prefix.pch"; sourceTree = "<group>"; };
		870CEA6B18DDD6DB00AD58DC /* AppDelegate.h */ = {isa = PBXFileReference; lastKnownFileType = sourcecode.c.h; path = AppDelegate.h; sourceTree = "<group>"; };
		870CEA6C18DDD6DB00AD58DC /* AppDelegate.m */ = {isa = PBXFileReference; lastKnownFileType = sourcecode.c.objc; path = AppDelegate.m; sourceTree = "<group>"; };
		870CEA6F18DDD6DB00AD58DC /* Base */ = {isa = PBXFileReference; lastKnownFileType = file.storyboard; name = Base; path = Base.lproj/Main.storyboard; sourceTree = "<group>"; };
		870CEA7118DDD6DB00AD58DC /* ViewController.h */ = {isa = PBXFileReference; lastKnownFileType = sourcecode.c.h; path = ViewController.h; sourceTree = "<group>"; };
		870CEA7218DDD6DB00AD58DC /* ViewController.m */ = {isa = PBXFileReference; lastKnownFileType = sourcecode.c.objc; path = ViewController.m; sourceTree = "<group>"; };
		870CEA7418DDD6DB00AD58DC /* Images.xcassets */ = {isa = PBXFileReference; lastKnownFileType = folder.assetcatalog; path = Images.xcassets; sourceTree = "<group>"; };
		870CEA7A18DDD6DC00AD58DC /* scoreTests.xctest */ = {isa = PBXFileReference; explicitFileType = wrapper.cfbundle; includeInIndex = 0; path = scoreTests.xctest; sourceTree = BUILT_PRODUCTS_DIR; };
		870CEA7B18DDD6DC00AD58DC /* XCTest.framework */ = {isa = PBXFileReference; lastKnownFileType = wrapper.framework; name = XCTest.framework; path = Library/Frameworks/XCTest.framework; sourceTree = DEVELOPER_DIR; };
		870CEA8318DDD6DC00AD58DC /* scoreTests-Info.plist */ = {isa = PBXFileReference; lastKnownFileType = text.plist.xml; path = "scoreTests-Info.plist"; sourceTree = "<group>"; };
		870CEA8518DDD6DC00AD58DC /* en */ = {isa = PBXFileReference; lastKnownFileType = text.plist.strings; name = en; path = en.lproj/InfoPlist.strings; sourceTree = "<group>"; };
		870CEA8718DDD6DC00AD58DC /* scoreTests.m */ = {isa = PBXFileReference; lastKnownFileType = sourcecode.c.objc; path = scoreTests.m; sourceTree = "<group>"; };
		8738279818DFD41B001422B3 /* BaseView.h */ = {isa = PBXFileReference; fileEncoding = 4; lastKnownFileType = sourcecode.c.h; path = BaseView.h; sourceTree = "<group>"; };
		8738279918DFD41B001422B3 /* BaseView.m */ = {isa = PBXFileReference; fileEncoding = 4; lastKnownFileType = sourcecode.c.objc; path = BaseView.m; sourceTree = "<group>"; };
		8738279B18DFD46E001422B3 /* BaseButton.h */ = {isa = PBXFileReference; fileEncoding = 4; lastKnownFileType = sourcecode.c.h; path = BaseButton.h; sourceTree = "<group>"; };
		8738279C18DFD46E001422B3 /* BaseButton.m */ = {isa = PBXFileReference; fileEncoding = 4; lastKnownFileType = sourcecode.c.objc; path = BaseButton.m; sourceTree = "<group>"; };
		87B576A218DDE4070098E3B6 /* ScoreView.h */ = {isa = PBXFileReference; fileEncoding = 4; lastKnownFileType = sourcecode.c.h; path = ScoreView.h; sourceTree = "<group>"; };
		87B576A318DDE4070098E3B6 /* ScoreView.m */ = {isa = PBXFileReference; fileEncoding = 4; lastKnownFileType = sourcecode.c.objc; path = ScoreView.m; sourceTree = "<group>"; };
/* End PBXFileReference section */

/* Begin PBXFrameworksBuildPhase section */
		870CEA5618DDD6DB00AD58DC /* Frameworks */ = {
			isa = PBXFrameworksBuildPhase;
			buildActionMask = 2147483647;
			files = (
				870CEA5F18DDD6DB00AD58DC /* CoreGraphics.framework in Frameworks */,
				870CEA6118DDD6DB00AD58DC /* UIKit.framework in Frameworks */,
				870CEA5D18DDD6DB00AD58DC /* Foundation.framework in Frameworks */,
			);
			runOnlyForDeploymentPostprocessing = 0;
		};
		870CEA7718DDD6DC00AD58DC /* Frameworks */ = {
			isa = PBXFrameworksBuildPhase;
			buildActionMask = 2147483647;
			files = (
				870CEA7C18DDD6DC00AD58DC /* XCTest.framework in Frameworks */,
				870CEA7E18DDD6DC00AD58DC /* UIKit.framework in Frameworks */,
				870CEA7D18DDD6DC00AD58DC /* Foundation.framework in Frameworks */,
			);
			runOnlyForDeploymentPostprocessing = 0;
		};
/* End PBXFrameworksBuildPhase section */

/* Begin PBXGroup section */
		870CEA5018DDD6DB00AD58DC = {
			isa = PBXGroup;
			children = (
				870CEA6218DDD6DB00AD58DC /* score */,
				870CEA8118DDD6DC00AD58DC /* scoreTests */,
				870CEA5B18DDD6DB00AD58DC /* Frameworks */,
				870CEA5A18DDD6DB00AD58DC /* Products */,
			);
			sourceTree = "<group>";
		};
		870CEA5A18DDD6DB00AD58DC /* Products */ = {
			isa = PBXGroup;
			children = (
				870CEA5918DDD6DB00AD58DC /* score.app */,
				870CEA7A18DDD6DC00AD58DC /* scoreTests.xctest */,
			);
			name = Products;
			sourceTree = "<group>";
		};
		870CEA5B18DDD6DB00AD58DC /* Frameworks */ = {
			isa = PBXGroup;
			children = (
				870CEA5C18DDD6DB00AD58DC /* Foundation.framework */,
				870CEA5E18DDD6DB00AD58DC /* CoreGraphics.framework */,
				870CEA6018DDD6DB00AD58DC /* UIKit.framework */,
				870CEA7B18DDD6DC00AD58DC /* XCTest.framework */,
			);
			name = Frameworks;
			sourceTree = "<group>";
		};
		870CEA6218DDD6DB00AD58DC /* score */ = {
			isa = PBXGroup;
			children = (
				870CEA6B18DDD6DB00AD58DC /* AppDelegate.h */,
				870CEA6C18DDD6DB00AD58DC /* AppDelegate.m */,
				870CEA6E18DDD6DB00AD58DC /* Main.storyboard */,
				870CEA7118DDD6DB00AD58DC /* ViewController.h */,
				870CEA7218DDD6DB00AD58DC /* ViewController.m */,
				870CEA7418DDD6DB00AD58DC /* Images.xcassets */,
				870CEA6318DDD6DB00AD58DC /* Supporting Files */,
				87B576A218DDE4070098E3B6 /* ScoreView.h */,
				87B576A318DDE4070098E3B6 /* ScoreView.m */,
				8738279818DFD41B001422B3 /* BaseView.h */,
				8738279918DFD41B001422B3 /* BaseView.m */,
				8738279B18DFD46E001422B3 /* BaseButton.h */,
				8738279C18DFD46E001422B3 /* BaseButton.m */,
			);
			path = score;
			sourceTree = "<group>";
		};
		870CEA6318DDD6DB00AD58DC /* Supporting Files */ = {
			isa = PBXGroup;
			children = (
				870CEA6418DDD6DB00AD58DC /* score-Info.plist */,
				870CEA6518DDD6DB00AD58DC /* InfoPlist.strings */,
				870CEA6818DDD6DB00AD58DC /* main.m */,
				870CEA6A18DDD6DB00AD58DC /* score-Prefix.pch */,
			);
			name = "Supporting Files";
			sourceTree = "<group>";
		};
		870CEA8118DDD6DC00AD58DC /* scoreTests */ = {
			isa = PBXGroup;
			children = (
				870CEA8718DDD6DC00AD58DC /* scoreTests.m */,
				870CEA8218DDD6DC00AD58DC /* Supporting Files */,
			);
			path = scoreTests;
			sourceTree = "<group>";
		};
		870CEA8218DDD6DC00AD58DC /* Supporting Files */ = {
			isa = PBXGroup;
			children = (
				870CEA8318DDD6DC00AD58DC /* scoreTests-Info.plist */,
				870CEA8418DDD6DC00AD58DC /* InfoPlist.strings */,
			);
			name = "Supporting Files";
			sourceTree = "<group>";
		};
/* End PBXGroup section */

/* Begin PBXNativeTarget section */
		870CEA5818DDD6DB00AD58DC /* score */ = {
			isa = PBXNativeTarget;
			buildConfigurationList = 870CEA8B18DDD6DC00AD58DC /* Build configuration list for PBXNativeTarget "score" */;
			buildPhases = (
				870CEA5518DDD6DB00AD58DC /* Sources */,
				870CEA5618DDD6DB00AD58DC /* Frameworks */,
				870CEA5718DDD6DB00AD58DC /* Resources */,
			);
			buildRules = (
			);
			dependencies = (
			);
			name = score;
			productName = score;
			productReference = 870CEA5918DDD6DB00AD58DC /* score.app */;
			productType = "com.apple.product-type.application";
		};
		870CEA7918DDD6DC00AD58DC /* scoreTests */ = {
			isa = PBXNativeTarget;
			buildConfigurationList = 870CEA8E18DDD6DC00AD58DC /* Build configuration list for PBXNativeTarget "scoreTests" */;
			buildPhases = (
				870CEA7618DDD6DC00AD58DC /* Sources */,
				870CEA7718DDD6DC00AD58DC /* Frameworks */,
				870CEA7818DDD6DC00AD58DC /* Resources */,
			);
			buildRules = (
			);
			dependencies = (
				870CEA8018DDD6DC00AD58DC /* PBXTargetDependency */,
			);
			name = scoreTests;
			productName = scoreTests;
			productReference = 870CEA7A18DDD6DC00AD58DC /* scoreTests.xctest */;
			productType = "com.apple.product-type.bundle.unit-test";
		};
/* End PBXNativeTarget section */

/* Begin PBXProject section */
		870CEA5118DDD6DB00AD58DC /* Project object */ = {
			isa = PBXProject;
			attributes = {
				LastUpgradeCheck = 0510;
				TargetAttributes = {
					870CEA7918DDD6DC00AD58DC = {
						TestTargetID = 870CEA5818DDD6DB00AD58DC;
					};
				};
			};
			buildConfigurationList = 870CEA5418DDD6DB00AD58DC /* Build configuration list for PBXProject "score" */;
			compatibilityVersion = "Xcode 3.2";
			developmentRegion = English;
			hasScannedForEncodings = 0;
			knownRegions = (
				en,
				Base,
			);
			mainGroup = 870CEA5018DDD6DB00AD58DC;
			productRefGroup = 870CEA5A18DDD6DB00AD58DC /* Products */;
			projectDirPath = "";
			projectRoot = "";
			targets = (
				870CEA5818DDD6DB00AD58DC /* score */,
				870CEA7918DDD6DC00AD58DC /* scoreTests */,
			);
		};
/* End PBXProject section */

/* Begin PBXResourcesBuildPhase section */
		870CEA5718DDD6DB00AD58DC /* Resources */ = {
			isa = PBXResourcesBuildPhase;
			buildActionMask = 2147483647;
			files = (
				870CEA7518DDD6DB00AD58DC /* Images.xcassets in Resources */,
				870CEA6718DDD6DB00AD58DC /* InfoPlist.strings in Resources */,
				870CEA7018DDD6DB00AD58DC /* Main.storyboard in Resources */,
			);
			runOnlyForDeploymentPostprocessing = 0;
		};
		870CEA7818DDD6DC00AD58DC /* Resources */ = {
			isa = PBXResourcesBuildPhase;
			buildActionMask = 2147483647;
			files = (
				870CEA8618DDD6DC00AD58DC /* InfoPlist.strings in Resources */,
			);
			runOnlyForDeploymentPostprocessing = 0;
		};
/* End PBXResourcesBuildPhase section */

/* Begin PBXSourcesBuildPhase section */
		870CEA5518DDD6DB00AD58DC /* Sources */ = {
			isa = PBXSourcesBuildPhase;
			buildActionMask = 2147483647;
			files = (
				870CEA7318DDD6DB00AD58DC /* ViewController.m in Sources */,
				87B576A418DDE4070098E3B6 /* ScoreView.m in Sources */,
				8738279A18DFD41B001422B3 /* BaseView.m in Sources */,
				870CEA6D18DDD6DB00AD58DC /* AppDelegate.m in Sources */,
				8738279D18DFD46E001422B3 /* BaseButton.m in Sources */,
				870CEA6918DDD6DB00AD58DC /* main.m in Sources */,
			);
			runOnlyForDeploymentPostprocessing = 0;
		};
		870CEA7618DDD6DC00AD58DC /* Sources */ = {
			isa = PBXSourcesBuildPhase;
			buildActionMask = 2147483647;
			files = (
				870CEA8818DDD6DC00AD58DC /* scoreTests.m in Sources */,
			);
			runOnlyForDeploymentPostprocessing = 0;
		};
/* End PBXSourcesBuildPhase section */

/* Begin PBXTargetDependency section */
		870CEA8018DDD6DC00AD58DC /* PBXTargetDependency */ = {
			isa = PBXTargetDependency;
			target = 870CEA5818DDD6DB00AD58DC /* score */;
			targetProxy = 870CEA7F18DDD6DC00AD58DC /* PBXContainerItemProxy */;
		};
/* End PBXTargetDependency section */

/* Begin PBXVariantGroup section */
		870CEA6518DDD6DB00AD58DC /* InfoPlist.strings */ = {
			isa = PBXVariantGroup;
			children = (
				870CEA6618DDD6DB00AD58DC /* en */,
			);
			name = InfoPlist.strings;
			sourceTree = "<group>";
		};
		870CEA6E18DDD6DB00AD58DC /* Main.storyboard */ = {
			isa = PBXVariantGroup;
			children = (
				870CEA6F18DDD6DB00AD58DC /* Base */,
			);
			name = Main.storyboard;
			sourceTree = "<group>";
		};
		870CEA8418DDD6DC00AD58DC /* InfoPlist.strings */ = {
			isa = PBXVariantGroup;
			children = (
				870CEA8518DDD6DC00AD58DC /* en */,
			);
			name = InfoPlist.strings;
			sourceTree = "<group>";
		};
/* End PBXVariantGroup section */

/* Begin XCBuildConfiguration section */
		870CEA8918DDD6DC00AD58DC /* Debug */ = {
			isa = XCBuildConfiguration;
			buildSettings = {
				ALWAYS_SEARCH_USER_PATHS = NO;
				CLANG_CXX_LANGUAGE_STANDARD = "gnu++0x";
				CLANG_CXX_LIBRARY = "libc++";
				CLANG_ENABLE_MODULES = YES;
				CLANG_ENABLE_OBJC_ARC = YES;
				CLANG_WARN_BOOL_CONVERSION = YES;
				CLANG_WARN_CONSTANT_CONVERSION = YES;
				CLANG_WARN_DIRECT_OBJC_ISA_USAGE = YES_ERROR;
				CLANG_WARN_EMPTY_BODY = YES;
				CLANG_WARN_ENUM_CONVERSION = YES;
				CLANG_WARN_INT_CONVERSION = YES;
				CLANG_WARN_OBJC_ROOT_CLASS = YES_ERROR;
				CLANG_WARN__DUPLICATE_METHOD_MATCH = YES;
				"CODE_SIGN_IDENTITY[sdk=iphoneos*]" = "iPhone Developer";
				COPY_PHASE_STRIP = NO;
				GCC_C_LANGUAGE_STANDARD = gnu99;
				GCC_DYNAMIC_NO_PIC = NO;
				GCC_OPTIMIZATION_LEVEL = 0;
				GCC_PREPROCESSOR_DEFINITIONS = (
					"DEBUG=1",
					"$(inherited)",
				);
				GCC_SYMBOLS_PRIVATE_EXTERN = NO;
				GCC_WARN_64_TO_32_BIT_CONVERSION = YES;
				GCC_WARN_ABOUT_RETURN_TYPE = YES_ERROR;
				GCC_WARN_UNDECLARED_SELECTOR = YES;
				GCC_WARN_UNINITIALIZED_AUTOS = YES_AGGRESSIVE;
				GCC_WARN_UNUSED_FUNCTION = YES;
				GCC_WARN_UNUSED_VARIABLE = YES;
				IPHONEOS_DEPLOYMENT_TARGET = 7.1;
				ONLY_ACTIVE_ARCH = YES;
				SDKROOT = iphoneos;
			};
			name = Debug;
		};
		870CEA8A18DDD6DC00AD58DC /* Release */ = {
			isa = XCBuildConfiguration;
			buildSettings = {
				ALWAYS_SEARCH_USER_PATHS = NO;
				CLANG_CXX_LANGUAGE_STANDARD = "gnu++0x";
				CLANG_CXX_LIBRARY = "libc++";
				CLANG_ENABLE_MODULES = YES;
				CLANG_ENABLE_OBJC_ARC = YES;
				CLANG_WARN_BOOL_CONVERSION = YES;
				CLANG_WARN_CONSTANT_CONVERSION = YES;
				CLANG_WARN_DIRECT_OBJC_ISA_USAGE = YES_ERROR;
				CLANG_WARN_EMPTY_BODY = YES;
				CLANG_WARN_ENUM_CONVERSION = YES;
				CLANG_WARN_INT_CONVERSION = YES;
				CLANG_WARN_OBJC_ROOT_CLASS = YES_ERROR;
				CLANG_WARN__DUPLICATE_METHOD_MATCH = YES;
				"CODE_SIGN_IDENTITY[sdk=iphoneos*]" = "iPhone Developer";
				COPY_PHASE_STRIP = YES;
				ENABLE_NS_ASSERTIONS = NO;
				GCC_C_LANGUAGE_STANDARD = gnu99;
				GCC_WARN_64_TO_32_BIT_CONVERSION = YES;
				GCC_WARN_ABOUT_RETURN_TYPE = YES_ERROR;
				GCC_WARN_UNDECLARED_SELECTOR = YES;
				GCC_WARN_UNINITIALIZED_AUTOS = YES_AGGRESSIVE;
				GCC_WARN_UNUSED_FUNCTION = YES;
				GCC_WARN_UNUSED_VARIABLE = YES;
				IPHONEOS_DEPLOYMENT_TARGET = 7.1;
				SDKROOT = iphoneos;
				VALIDATE_PRODUCT = YES;
			};
			name = Release;
		};
		870CEA8C18DDD6DC00AD58DC /* Debug */ = {
			isa = XCBuildConfiguration;
			buildSettings = {
				ASSETCATALOG_COMPILER_APPICON_NAME = AppIcon;
				ASSETCATALOG_COMPILER_LAUNCHIMAGE_NAME = LaunchImage;
				CODE_SIGN_IDENTITY = "iPhone Developer";
				GCC_PRECOMPILE_PREFIX_HEADER = YES;
				GCC_PREFIX_HEADER = "score/score-Prefix.pch";
				INFOPLIST_FILE = "score/score-Info.plist";
				IPHONEOS_DEPLOYMENT_TARGET = 7.0;
				PRODUCT_NAME = "$(TARGET_NAME)";
				WRAPPER_EXTENSION = app;
			};
			name = Debug;
		};
		870CEA8D18DDD6DC00AD58DC /* Release */ = {
			isa = XCBuildConfiguration;
			buildSettings = {
				ASSETCATALOG_COMPILER_APPICON_NAME = AppIcon;
				ASSETCATALOG_COMPILER_LAUNCHIMAGE_NAME = LaunchImage;
				CODE_SIGN_IDENTITY = "iPhone Developer";
				GCC_PRECOMPILE_PREFIX_HEADER = YES;
				GCC_PREFIX_HEADER = "score/score-Prefix.pch";
				INFOPLIST_FILE = "score/score-Info.plist";
				IPHONEOS_DEPLOYMENT_TARGET = 7.0;
				PRODUCT_NAME = "$(TARGET_NAME)";
				WRAPPER_EXTENSION = app;
			};
			name = Release;
		};
		870CEA8F18DDD6DC00AD58DC /* Debug */ = {
			isa = XCBuildConfiguration;
			buildSettings = {
				BUNDLE_LOADER = "$(BUILT_PRODUCTS_DIR)/score.app/score";
				FRAMEWORK_SEARCH_PATHS = (
					"$(SDKROOT)/Developer/Library/Frameworks",
					"$(inherited)",
					"$(DEVELOPER_FRAMEWORKS_DIR)",
				);
				GCC_PRECOMPILE_PREFIX_HEADER = YES;
				GCC_PREFIX_HEADER = "score/score-Prefix.pch";
				GCC_PREPROCESSOR_DEFINITIONS = (
					"DEBUG=1",
					"$(inherited)",
				);
				INFOPLIST_FILE = "scoreTests/scoreTests-Info.plist";
				PRODUCT_NAME = "$(TARGET_NAME)";
				TEST_HOST = "$(BUNDLE_LOADER)";
				WRAPPER_EXTENSION = xctest;
			};
			name = Debug;
		};
		870CEA9018DDD6DC00AD58DC /* Release */ = {
			isa = XCBuildConfiguration;
			buildSettings = {
				BUNDLE_LOADER = "$(BUILT_PRODUCTS_DIR)/score.app/score";
				FRAMEWORK_SEARCH_PATHS = (
					"$(SDKROOT)/Developer/Library/Frameworks",
					"$(inherited)",
					"$(DEVELOPER_FRAMEWORKS_DIR)",
				);
				GCC_PRECOMPILE_PREFIX_HEADER = YES;
				GCC_PREFIX_HEADER = "score/score-Prefix.pch";
				INFOPLIST_FILE = "scoreTests/scoreTests-Info.plist";
				PRODUCT_NAME = "$(TARGET_NAME)";
				TEST_HOST = "$(BUNDLE_LOADER)";
				WRAPPER_EXTENSION = xctest;
			};
			name = Release;
		};
/* End XCBuildConfiguration section */

/* Begin XCConfigurationList section */
		870CEA5418DDD6DB00AD58DC /* Build configuration list for PBXProject "score" */ = {
			isa = XCConfigurationList;
			buildConfigurations = (
				870CEA8918DDD6DC00AD58DC /* Debug */,
				870CEA8A18DDD6DC00AD58DC /* Release */,
			);
			defaultConfigurationIsVisible = 0;
			defaultConfigurationName = Release;
		};
		870CEA8B18DDD6DC00AD58DC /* Build configuration list for PBXNativeTarget "score" */ = {
			isa = XCConfigurationList;
			buildConfigurations = (
				870CEA8C18DDD6DC00AD58DC /* Debug */,
				870CEA8D18DDD6DC00AD58DC /* Release */,
			);
			defaultConfigurationIsVisible = 0;
			defaultConfigurationName = Release;
		};
		870CEA8E18DDD6DC00AD58DC /* Build configuration list for PBXNativeTarget "scoreTests" */ = {
			isa = XCConfigurationList;
			buildConfigurations = (
				870CEA8F18DDD6DC00AD58DC /* Debug */,
				870CEA9018DDD6DC00AD58DC /* Release */,
			);
			defaultConfigurationIsVisible = 0;
			defaultConfigurationName = Release;
		};
/* End XCConfigurationList section */
	};
	rootObject = 870CEA5118DDD6DB00AD58DC /* Project object */;
}
